
Microsoft Visual Studio Solution File, Format Version 12.00
# Visual Studio 14
VisualStudioVersion = 14.0.25420.1
MinimumVisualStudioVersion = 10.0.40219.1
Project("{FAE04EC0-301F-11D3-BF4B-00C04F79EFBC}") = "Lecture", "Lecture\Lecture.csproj", "{A273AC28-37F4-44FB-A500-CE09400A800F}"
EndProject
Project("{FAE04EC0-301F-11D3-BF4B-00C04F79EFBC}") = "Lecture.Tests", "Lecture.Tests\Lecture.Tests.csproj", "{B326DEA0-61F6-4779-B836-6E3E579268A0}"
EndProject
Global
	GlobalSection(SolutionConfigurationPlatforms) = preSolution
		Debug|Any CPU = Debug|Any CPU
		Release|Any CPU = Release|Any CPU
	EndGlobalSection
	GlobalSection(ProjectConfigurationPlatforms) = postSolution
		{A273AC28-37F4-44FB-A500-CE09400A800F}.Debug|Any CPU.ActiveCfg = Debug|Any CPU
		{A273AC28-37F4-44FB-A500-CE09400A800F}.Debug|Any CPU.Build.0 = Debug|Any CPU
		{A273AC28-37F4-44FB-A500-CE09400A800F}.Release|Any CPU.ActiveCfg = Release|Any CPU
		{A273AC28-37F4-44FB-A500-CE09400A800F}.Release|Any CPU.Build.0 = Release|Any CPU
		{B326DEA0-61F6-4779-B836-6E3E579268A0}.Debug|Any CPU.ActiveCfg = Debug|Any CPU
		{B326DEA0-61F6-4779-B836-6E3E579268A0}.Debug|Any CPU.Build.0 = Debug|Any CPU
		{B326DEA0-61F6-4779-B836-6E3E579268A0}.Release|Any CPU.ActiveCfg = Release|Any CPU
		{B326DEA0-61F6-4779-B836-6E3E579268A0}.Release|Any CPU.Build.0 = Release|Any CPU
	EndGlobalSection
	GlobalSection(SolutionProperties) = preSolution
		HideSolutionNode = FALSE
	EndGlobalSection
EndGlobal
